
Microsoft Visual Studio Solution File, Format Version 12.00
# Visual Studio 2012
Project("{FAE04EC0-301F-11D3-BF4B-00C04F79EFBC}") = "StocksManager", "StocksManager\StocksManager.csproj", "{D010D91E-B523-4E5E-93C6-71DB31A60C39}"
EndProject
Project("{FAE04EC0-301F-11D3-BF4B-00C04F79EFBC}") = "StocksManager.iOS", "iOS\StocksManager.iOS.csproj", "{2C12E7EB-E3C0-44DD-A5EA-CCA9C7316E13}"
EndProject
Project("{FAE04EC0-301F-11D3-BF4B-00C04F79EFBC}") = "StocksManager.Droid", "Droid\StocksManager.Droid.csproj", "{4078F06F-0151-4E7D-9110-053A85E3E738}"
EndProject
Global
	GlobalSection(SolutionConfigurationPlatforms) = preSolution
		Debug|Any CPU = Debug|Any CPU
		Release|Any CPU = Release|Any CPU
		Debug|iPhoneSimulator = Debug|iPhoneSimulator
		Release|iPhone = Release|iPhone
		Release|iPhoneSimulator = Release|iPhoneSimulator
		Debug|iPhone = Debug|iPhone
	EndGlobalSection
	GlobalSection(ProjectConfigurationPlatforms) = postSolution
		{D010D91E-B523-4E5E-93C6-71DB31A60C39}.Debug|Any CPU.ActiveCfg = Debug|Any CPU
		{D010D91E-B523-4E5E-93C6-71DB31A60C39}.Debug|Any CPU.Build.0 = Debug|Any CPU
		{D010D91E-B523-4E5E-93C6-71DB31A60C39}.Release|Any CPU.ActiveCfg = Release|Any CPU
		{D010D91E-B523-4E5E-93C6-71DB31A60C39}.Release|Any CPU.Build.0 = Release|Any CPU
		{D010D91E-B523-4E5E-93C6-71DB31A60C39}.Debug|iPhoneSimulator.ActiveCfg = Debug|Any CPU
		{D010D91E-B523-4E5E-93C6-71DB31A60C39}.Debug|iPhoneSimulator.Build.0 = Debug|Any CPU
		{D010D91E-B523-4E5E-93C6-71DB31A60C39}.Release|iPhone.ActiveCfg = Release|Any CPU
		{D010D91E-B523-4E5E-93C6-71DB31A60C39}.Release|iPhone.Build.0 = Release|Any CPU
		{D010D91E-B523-4E5E-93C6-71DB31A60C39}.Release|iPhoneSimulator.ActiveCfg = Release|Any CPU
		{D010D91E-B523-4E5E-93C6-71DB31A60C39}.Release|iPhoneSimulator.Build.0 = Release|Any CPU
		{D010D91E-B523-4E5E-93C6-71DB31A60C39}.Debug|iPhone.ActiveCfg = Debug|Any CPU
		{D010D91E-B523-4E5E-93C6-71DB31A60C39}.Debug|iPhone.Build.0 = Debug|Any CPU
		{2C12E7EB-E3C0-44DD-A5EA-CCA9C7316E13}.Debug|Any CPU.ActiveCfg = Debug|iPhoneSimulator
		{2C12E7EB-E3C0-44DD-A5EA-CCA9C7316E13}.Debug|Any CPU.Build.0 = Debug|iPhoneSimulator
		{2C12E7EB-E3C0-44DD-A5EA-CCA9C7316E13}.Release|Any CPU.ActiveCfg = Release|iPhone
		{2C12E7EB-E3C0-44DD-A5EA-CCA9C7316E13}.Release|Any CPU.Build.0 = Release|iPhone
		{2C12E7EB-E3C0-44DD-A5EA-CCA9C7316E13}.Debug|iPhoneSimulator.ActiveCfg = Debug|iPhoneSimulator
		{2C12E7EB-E3C0-44DD-A5EA-CCA9C7316E13}.Debug|iPhoneSimulator.Build.0 = Debug|iPhoneSimulator
		{2C12E7EB-E3C0-44DD-A5EA-CCA9C7316E13}.Release|iPhone.ActiveCfg = Release|iPhone
		{2C12E7EB-E3C0-44DD-A5EA-CCA9C7316E13}.Release|iPhone.Build.0 = Release|iPhone
		{2C12E7EB-E3C0-44DD-A5EA-CCA9C7316E13}.Release|iPhoneSimulator.ActiveCfg = Release|iPhoneSimulator
		{2C12E7EB-E3C0-44DD-A5EA-CCA9C7316E13}.Release|iPhoneSimulator.Build.0 = Release|iPhoneSimulator
		{2C12E7EB-E3C0-44DD-A5EA-CCA9C7316E13}.Debug|iPhone.ActiveCfg = Debug|iPhone
		{2C12E7EB-E3C0-44DD-A5EA-CCA9C7316E13}.Debug|iPhone.Build.0 = Debug|iPhone
		{4078F06F-0151-4E7D-9110-053A85E3E738}.Debug|Any CPU.ActiveCfg = Debug|Any CPU
		{4078F06F-0151-4E7D-9110-053A85E3E738}.Debug|Any CPU.Build.0 = Debug|Any CPU
		{4078F06F-0151-4E7D-9110-053A85E3E738}.Release|Any CPU.ActiveCfg = Release|Any CPU
		{4078F06F-0151-4E7D-9110-053A85E3E738}.Release|Any CPU.Build.0 = Release|Any CPU
		{4078F06F-0151-4E7D-9110-053A85E3E738}.Debug|iPhoneSimulator.ActiveCfg = Debug|Any CPU
		{4078F06F-0151-4E7D-9110-053A85E3E738}.Debug|iPhoneSimulator.Build.0 = Debug|Any CPU
		{4078F06F-0151-4E7D-9110-053A85E3E738}.Release|iPhone.ActiveCfg = Release|Any CPU
		{4078F06F-0151-4E7D-9110-053A85E3E738}.Release|iPhone.Build.0 = Release|Any CPU
		{4078F06F-0151-4E7D-9110-053A85E3E738}.Release|iPhoneSimulator.ActiveCfg = Release|Any CPU
		{4078F06F-0151-4E7D-9110-053A85E3E738}.Release|iPhoneSimulator.Build.0 = Release|Any CPU
		{4078F06F-0151-4E7D-9110-053A85E3E738}.Debug|iPhone.ActiveCfg = Debug|Any CPU
		{4078F06F-0151-4E7D-9110-053A85E3E738}.Debug|iPhone.Build.0 = Debug|Any CPU
	EndGlobalSection
EndGlobal
